# THIS IS AN AUTOGENERATED FILE. DO NOT EDIT THIS FILE DIRECTLY.
# yarn lockfile v1


"@types/node@^10.9.4":
  version "10.14.10"
  resolved "https://registry.npm.taobao.org/@types/node/download/@types/node-10.14.10.tgz#e491484c6060af8d461e12ec81c0da8a3282b8de"
  integrity sha1-5JFITGBgr41GHhLsgcDaijKCuN4=
